
Microsoft Visual Studio Solution File, Format Version 12.00
# Visual Studio 15
VisualStudioVersion = 15.0.28307.1433
MinimumVisualStudioVersion = 10.0.40219.1
Project("{FAE04EC0-301F-11D3-BF4B-00C04F79EFBC}") = "Weblibrary", "iframe\Weblibrary.csproj", "{98A4CA69-D189-4353-8F16-8AEF495DA455}"
EndProject
Global
	GlobalSection(SolutionConfigurationPlatforms) = preSolution
		Debug|Any CPU = Debug|Any CPU
		Release|Any CPU = Release|Any CPU
	EndGlobalSection
	GlobalSection(ProjectConfigurationPlatforms) = postSolution
		{98A4CA69-D189-4353-8F16-8AEF495DA455}.Debug|Any CPU.ActiveCfg = Debug|Any CPU
		{98A4CA69-D189-4353-8F16-8AEF495DA455}.Debug|Any CPU.Build.0 = Debug|Any CPU
		{98A4CA69-D189-4353-8F16-8AEF495DA455}.Release|Any CPU.ActiveCfg = Release|Any CPU
		{98A4CA69-D189-4353-8F16-8AEF495DA455}.Release|Any CPU.Build.0 = Release|Any CPU
	EndGlobalSection
	GlobalSection(SolutionProperties) = preSolution
		HideSolutionNode = FALSE
	EndGlobalSection
	GlobalSection(ExtensibilityGlobals) = postSolution
		SolutionGuid = {A9B102E2-3B70-45EE-B5B0-1B77AA1468C0}
	EndGlobalSection
EndGlobal
